
Microsoft Visual Studio Solution File, Format Version 12.00
# Visual Studio Version 16
VisualStudioVersion = 16.0.28803.352
MinimumVisualStudioVersion = 10.0.40219.1
Project("{FAE04EC0-301F-11D3-BF4B-00C04F79EFBC}") = "OS_project1", "OS_project1.csproj", "{C14B3453-8377-43AC-8A17-27C702C4876C}"
EndProject
Global
	GlobalSection(SolutionConfigurationPlatforms) = preSolution
		Debug|Any CPU = Debug|Any CPU
		Release|Any CPU = Release|Any CPU
	EndGlobalSection
	GlobalSection(ProjectConfigurationPlatforms) = postSolution
		{C14B3453-8377-43AC-8A17-27C702C4876C}.Debug|Any CPU.ActiveCfg = Debug|Any CPU
		{C14B3453-8377-43AC-8A17-27C702C4876C}.Debug|Any CPU.Build.0 = Debug|Any CPU
		{C14B3453-8377-43AC-8A17-27C702C4876C}.Release|Any CPU.ActiveCfg = Release|Any CPU
		{C14B3453-8377-43AC-8A17-27C702C4876C}.Release|Any CPU.Build.0 = Release|Any CPU
	EndGlobalSection
	GlobalSection(SolutionProperties) = preSolution
		HideSolutionNode = FALSE
	EndGlobalSection
	GlobalSection(ExtensibilityGlobals) = postSolution
		SolutionGuid = {11CC4DF1-BDCC-4355-A9C1-84B423959ABC}
	EndGlobalSection
EndGlobal
